
Microsoft Visual Studio Solution File, Format Version 11.00
# Visual Basic Express 2010
Project("{F184B08F-C81C-45F6-A57F-5ABD9991F28F}") = "YearEndProject_Max_Hayden", "YearEndProject_Max_Hayden\YearEndProject_Max_Hayden.vbproj", "{39A320DE-9473-49EB-9A66-39399EA8239A}"
EndProject
Global
	GlobalSection(SolutionConfigurationPlatforms) = preSolution
		Debug|x86 = Debug|x86
		Release|x86 = Release|x86
	EndGlobalSection
	GlobalSection(ProjectConfigurationPlatforms) = postSolution
		{39A320DE-9473-49EB-9A66-39399EA8239A}.Debug|x86.ActiveCfg = Debug|x86
		{39A320DE-9473-49EB-9A66-39399EA8239A}.Debug|x86.Build.0 = Debug|x86
		{39A320DE-9473-49EB-9A66-39399EA8239A}.Release|x86.ActiveCfg = Release|x86
		{39A320DE-9473-49EB-9A66-39399EA8239A}.Release|x86.Build.0 = Release|x86
	EndGlobalSection
	GlobalSection(SolutionProperties) = preSolution
		HideSolutionNode = FALSE
	EndGlobalSection
EndGlobal
